# This file is autogenerated, do not edit; changes may be undone by the next 'dep ensure'.


[[projects]]
  name = "github.com/gorilla/websocket"
  packages = ["."]
  revision = "66b9c49e59c6c48f0ffce28c2d8b8a5678502c6d"
  version = "v1.4.0"

[[projects]]
  name = "github.com/jinzhu/gorm"
  packages = ["."]
  revision = "6ed508ec6a4ecb3531899a69cbc746ccf65a4166"
  version = "v1.9.1"

[[projects]]
  branch = "master"
  name = "github.com/jinzhu/inflection"
  packages = ["."]
  revision = "04140366298a54a039076d798123ffa108fff46c"

[[projects]]
  name = "github.com/mafredri/cdp"
  packages = [
    ".",
    "devtool",
    "internal/errors",
    "protocol",
    "protocol/accessibility",
    "protocol/animation",
    "protocol/applicationcache",
    "protocol/audits",
    "protocol/browser",
    "protocol/cachestorage",
    "protocol/console",
    "protocol/css",
    "protocol/database",
    "protocol/debugger",
    "protocol/deviceorientation",
    "protocol/dom",
    "protocol/domdebugger",
    "protocol/domsnapshot",
    "protocol/domstorage",
    "protocol/emulation",
    "protocol/headlessexperimental",
    "protocol/heapprofiler",
    "protocol/indexeddb",
    "protocol/input",
    "protocol/inspector",
    "protocol/internal",
    "protocol/io",
    "protocol/layertree",
    "protocol/log",
    "protocol/memory",
    "protocol/network",
    "protocol/overlay",
    "protocol/page",
    "protocol/performance",
    "protocol/profiler",
    "protocol/runtime",
    "protocol/schema",
    "protocol/security",
    "protocol/serviceworker",
    "protocol/storage",
    "protocol/systeminfo",
    "protocol/target",
    "protocol/testing",
    "protocol/tethering",
    "protocol/tracing",
    "rpcc"
  ]
  revision = "75b0ecc5efcff27ac756a33ec71f0db75dc3d21c"
  version = "v0.19.0"

[[projects]]
  name = "github.com/mattn/go-sqlite3"
  packages = ["."]
  revision = "25ecb14adfc7543176f7d85291ec7dba82c6f7e4"
  version = "v1.9.0"

[[projects]]
  name = "goji.io"
  packages = [
    ".",
    "internal",
    "pat",
    "pattern"
  ]
  revision = "0d89ff54b2c18c9c4ba530e32496aef902d3c6cd"
  version = "v2.0"

[[projects]]
  branch = "master"
  name = "golang.org/x/net"
  packages = ["context"]
  revision = "26e67e76b6c3f6ce91f7c52def5af501b4e0f3a2"

[[projects]]
  branch = "master"
  name = "golang.org/x/sync"
  packages = ["syncmap"]
  revision = "1d60e4601c6fd243af51cc01ddf169918a5407ca"

[solve-meta]
  analyzer-name = "dep"
  analyzer-version = 1
  inputs-digest = "a93961ba58fea3cb86a4e35fad224fc5d7f8b33648edaa6b46a3b5cc81a7f63d"
  solver-name = "gps-cdcl"
  solver-version = 1
